
Microsoft Visual Studio Solution File, Format Version 12.00
# Visual Studio Version 16
VisualStudioVersion = 16.0.31515.178
MinimumVisualStudioVersion = 10.0.40219.1
Project("{FAE04EC0-301F-11D3-BF4B-00C04F79EFBC}") = "EvilEye", "EvilEye\EvilEye.csproj", "{4B25AC12-7B86-4F5D-9648-D2229EF8F377}"
EndProject
Global
	GlobalSection(SolutionConfigurationPlatforms) = preSolution
		Debug|Any CPU = Debug|Any CPU
		Release|Any CPU = Release|Any CPU
	EndGlobalSection
	GlobalSection(ProjectConfigurationPlatforms) = postSolution
		{4B25AC12-7B86-4F5D-9648-D2229EF8F377}.Debug|Any CPU.ActiveCfg = Debug|Any CPU
		{4B25AC12-7B86-4F5D-9648-D2229EF8F377}.Debug|Any CPU.Build.0 = Debug|Any CPU
		{4B25AC12-7B86-4F5D-9648-D2229EF8F377}.Release|Any CPU.ActiveCfg = Release|Any CPU
		{4B25AC12-7B86-4F5D-9648-D2229EF8F377}.Release|Any CPU.Build.0 = Release|Any CPU
	EndGlobalSection
	GlobalSection(SolutionProperties) = preSolution
		HideSolutionNode = FALSE
	EndGlobalSection
	GlobalSection(ExtensibilityGlobals) = postSolution
		SolutionGuid = {B3A5F869-BC28-42AB-80BE-05DCE17E5AEA}
	EndGlobalSection
EndGlobal
